
Microsoft Visual Studio Solution File, Format Version 12.00
# Visual Studio Version 17
VisualStudioVersion = 17.0.31919.166
MinimumVisualStudioVersion = 10.0.40219.1
Project("{FAE04EC0-301F-11D3-BF4B-00C04F79EFBC}") = "ISVT", "ISVT.csproj", "{D04196E4-4463-4896-BFE4-9F81777EF434}"
EndProject
Global
	GlobalSection(SolutionConfigurationPlatforms) = preSolution
		Debug|Any CPU = Debug|Any CPU
		Release|Any CPU = Release|Any CPU
	EndGlobalSection
	GlobalSection(ProjectConfigurationPlatforms) = postSolution
		{D04196E4-4463-4896-BFE4-9F81777EF434}.Debug|Any CPU.ActiveCfg = Debug|Any CPU
		{D04196E4-4463-4896-BFE4-9F81777EF434}.Debug|Any CPU.Build.0 = Debug|Any CPU
		{D04196E4-4463-4896-BFE4-9F81777EF434}.Release|Any CPU.ActiveCfg = Release|Any CPU
		{D04196E4-4463-4896-BFE4-9F81777EF434}.Release|Any CPU.Build.0 = Release|Any CPU
	EndGlobalSection
	GlobalSection(SolutionProperties) = preSolution
		HideSolutionNode = FALSE
	EndGlobalSection
	GlobalSection(ExtensibilityGlobals) = postSolution
		SolutionGuid = {C5991A18-29F7-401C-BF08-B67FBF5C93EB}
	EndGlobalSection
EndGlobal
